# THIS IS AN AUTOGENERATED FILE. DO NOT EDIT THIS FILE DIRECTLY.
# yarn lockfile v1


"@types/node@^16.7.6":
  version "16.7.6"
  resolved "https://registry.yarnpkg.com/@types/node/-/node-16.7.6.tgz#8666478db8095aa66e25b7e469f3e7b53ea2855e"
  integrity sha512-VESVNFoa/ahYA62xnLBjo5ur6gPsgEE5cNRy8SrdnkZ2nwJSW0kJ4ufbFr2zuU9ALtHM8juY53VcRoTA7htXSg==

simple-peer-light@^9.10.0:
  version "9.10.0"
  resolved "https://registry.yarnpkg.com/simple-peer-light/-/simple-peer-light-9.10.0.tgz#6f3699b80e4b6d3a9374a865e1a8e497aa623afb"
  integrity sha512-E0INlXmVy2XvVkyMallKYQlcTAD8S0ov+goSVDGD2k9vwkjBCOyFmESoUsv0Pi7P3nSh6TuMIIi+S/YRok9WLg==
